{
  "lockfileVersion": 1,
  "configVersion": 0,
  "workspaces": {
    "": {
      "name": "bun-biome-template",
      "devDependencies": {
        "@biomejs/biome": "2.3.6",
        "@commitlint/cli": "20.1.0",
        "@commitlint/config-conventional": "20.0.0",
        "@types/bun": "latest",
        "lefthook": "2.0.4",
        "vitest": "4.0.9",
      },
      "peerDependencies": {
        "typescript": "^5.0.0",
      },
    },
  },
  "packages": {
    "@babel/code-frame": ["@babel/code-frame@7.24.7", "", { "dependencies": { "@babel/highlight": "^7.24.7", "picocolors": "^1.0.0" } }, "sha512-BcYH1CVJBO9tvyIZ2jVeXgSIMvGZ2FDRvDdOIVQyuklNKSsx+eppDEBq/g47Ayw+RqNFE+URvOShmf+f/qwAlA=="],

    "@babel/helper-validator-identifier": ["@babel/helper-validator-identifier@7.24.7", "", {}, "sha512-rR+PBcQ1SMQDDyF6X0wxtG8QyLCgUB0eRAGguqRLfkCA87l7yAP7ehq8SNj96OOGTO8OBV70KhuFYcIkHXOg0w=="],

    "@babel/highlight": ["@babel/highlight@7.24.7", "", { "dependencies": { "@babel/helper-validator-identifier": "^7.24.7", "chalk": "^2.4.2", "js-tokens": "^4.0.0", "picocolors": "^1.0.0" } }, "sha512-EStJpq4OuY8xYfhGVXngigBJRWxftKX9ksiGDnmlY3o7B/V7KIAc9X4oiK87uPJSc/vs5L869bem5fhZa8caZw=="],

    "@biomejs/biome": ["@biomejs/biome@2.3.6", "", { "optionalDependencies": { "@biomejs/cli-darwin-arm64": "2.3.6", "@biomejs/cli-darwin-x64": "2.3.6", "@biomejs/cli-linux-arm64": "2.3.6", "@biomejs/cli-linux-arm64-musl": "2.3.6", "@biomejs/cli-linux-x64": "2.3.6", "@biomejs/cli-linux-x64-musl": "2.3.6", "@biomejs/cli-win32-arm64": "2.3.6", "@biomejs/cli-win32-x64": "2.3.6" }, "bin": { "biome": "bin/biome" } }, "sha512-oqUhWyU6tae0MFsr/7iLe++QWRg+6jtUhlx9/0GmCWDYFFrK366sBLamNM7D9Y+c7YSynUFKr8lpEp1r6Sk7eA=="],

    "@biomejs/cli-darwin-arm64": ["@biomejs/cli-darwin-arm64@2.3.6", "", { "os": "darwin", "cpu": "arm64" }, "sha512-P4JWE5d8UayBxYe197QJwyW4ZHp0B+zvRIGCusOm1WbxmlhpAQA1zEqQuunHgSIzvyEEp4TVxiKGXNFZPg7r9Q=="],

    "@biomejs/cli-darwin-x64": ["@biomejs/cli-darwin-x64@2.3.6", "", { "os": "darwin", "cpu": "x64" }, "sha512-I4rTebj+F/L9K93IU7yTFs8nQ6EhaCOivxduRha4w4WEZK80yoZ8OAdR1F33m4yJ/NfUuTUbP/Wjs+vKjlCoWA=="],

    "@biomejs/cli-linux-arm64": ["@biomejs/cli-linux-arm64@2.3.6", "", { "os": "linux", "cpu": "arm64" }, "sha512-JjYy83eVBnvuINZiqyFO7xx72v8Srh4hsgaacSBCjC22DwM6+ZvnX1/fj8/SBiLuUOfZ8YhU2pfq2Dzakeyg1A=="],

    "@biomejs/cli-linux-arm64-musl": ["@biomejs/cli-linux-arm64-musl@2.3.6", "", { "os": "linux", "cpu": "arm64" }, "sha512-oK1NpIXIixbJ/4Tcx40cwiieqah6rRUtMGOHDeK2ToT7yUFVEvXUGRKqH0O4hqZ9tW8TcXNZKfgRH6xrsjVtGg=="],

    "@biomejs/cli-linux-x64": ["@biomejs/cli-linux-x64@2.3.6", "", { "os": "linux", "cpu": "x64" }, "sha512-ZjPXzy5yN9wusIoX+8Zp4p6cL8r0NzJCXg/4r1KLVveIPXd2jKVlqZ6ZyzEq385WwU3OX5KOwQYLQsOc788waQ=="],

    "@biomejs/cli-linux-x64-musl": ["@biomejs/cli-linux-x64-musl@2.3.6", "", { "os": "linux", "cpu": "x64" }, "sha512-QvxB8GHQeaO4FCtwJpJjCgJkbHBbWxRHUxQlod+xeaYE6gtJdSkYkuxdKAQUZEOIsec+PeaDAhW9xjzYbwmOFA=="],

    "@biomejs/cli-win32-arm64": ["@biomejs/cli-win32-arm64@2.3.6", "", { "os": "win32", "cpu": "arm64" }, "sha512-YM7hLHpwjdt8R7+O2zS1Vo2cKgqEeptiXB1tWW1rgjN5LlpZovBVKtg7zfwfRrFx3i08aNZThYpTcowpTlczug=="],

    "@biomejs/cli-win32-x64": ["@biomejs/cli-win32-x64@2.3.6", "", { "os": "win32", "cpu": "x64" }, "sha512-psgNEYgMAobY5h+QHRBVR9xvg2KocFuBKm6axZWB/aD12NWhQjiVFQUjV6wMXhlH4iT0Q9c3yK5JFRiDC/rzHA=="],

    "@commitlint/cli": ["@commitlint/cli@20.1.0", "", { "dependencies": { "@commitlint/format": "^20.0.0", "@commitlint/lint": "^20.0.0", "@commitlint/load": "^20.1.0", "@commitlint/read": "^20.0.0", "@commitlint/types": "^20.0.0", "tinyexec": "^1.0.0", "yargs": "^17.0.0" }, "bin": { "commitlint": "./cli.js" } }, "sha512-pW5ujjrOovhq5RcYv5xCpb4GkZxkO2+GtOdBW2/qrr0Ll9tl3PX0aBBobGQl3mdZUbOBgwAexEQLeH6uxL0VYg=="],

    "@commitlint/config-conventional": ["@commitlint/config-conventional@20.0.0", "", { "dependencies": { "@commitlint/types": "^20.0.0", "conventional-changelog-conventionalcommits": "^7.0.2" } }, "sha512-q7JroPIkDBtyOkVe9Bca0p7kAUYxZMxkrBArCfuD3yN4KjRAenP9PmYwnn7rsw8Q+hHq1QB2BRmBh0/Z19ZoJw=="],

    "@commitlint/config-validator": ["@commitlint/config-validator@20.0.0", "", { "dependencies": { "@commitlint/types": "^20.0.0", "ajv": "^8.11.0" } }, "sha512-BeyLMaRIJDdroJuYM2EGhDMGwVBMZna9UiIqV9hxj+J551Ctc6yoGuGSmghOy/qPhBSuhA6oMtbEiTmxECafsg=="],

    "@commitlint/ensure": ["@commitlint/ensure@20.0.0", "", { "dependencies": { "@commitlint/types": "^20.0.0", "lodash.camelcase": "^4.3.0", "lodash.kebabcase": "^4.1.1", "lodash.snakecase": "^4.1.1", "lodash.startcase": "^4.4.0", "lodash.upperfirst": "^4.3.1" } }, "sha512-WBV47Fffvabe68n+13HJNFBqiMH5U1Ryls4W3ieGwPC0C7kJqp3OVQQzG2GXqOALmzrgAB+7GXmyy8N9ct8/Fg=="],

    "@commitlint/execute-rule": ["@commitlint/execute-rule@20.0.0", "", {}, "sha512-xyCoOShoPuPL44gVa+5EdZsBVao/pNzpQhkzq3RdtlFdKZtjWcLlUFQHSWBuhk5utKYykeJPSz2i8ABHQA+ZZw=="],

    "@commitlint/format": ["@commitlint/format@20.0.0", "", { "dependencies": { "@commitlint/types": "^20.0.0", "chalk": "^5.3.0" } }, "sha512-zrZQXUcSDmQ4eGGrd+gFESiX0Rw+WFJk7nW4VFOmxub4mAATNKBQ4vNw5FgMCVehLUKG2OT2LjOqD0Hk8HvcRg=="],

    "@commitlint/is-ignored": ["@commitlint/is-ignored@20.0.0", "", { "dependencies": { "@commitlint/types": "^20.0.0", "semver": "^7.6.0" } }, "sha512-ayPLicsqqGAphYIQwh9LdAYOVAQ9Oe5QCgTNTj+BfxZb9b/JW222V5taPoIBzYnAP0z9EfUtljgBk+0BN4T4Cw=="],

    "@commitlint/lint": ["@commitlint/lint@20.0.0", "", { "dependencies": { "@commitlint/is-ignored": "^20.0.0", "@commitlint/parse": "^20.0.0", "@commitlint/rules": "^20.0.0", "@commitlint/types": "^20.0.0" } }, "sha512-kWrX8SfWk4+4nCexfLaQT3f3EcNjJwJBsSZ5rMBw6JCd6OzXufFHgel2Curos4LKIxwec9WSvs2YUD87rXlxNQ=="],

    "@commitlint/load": ["@commitlint/load@20.1.0", "", { "dependencies": { "@commitlint/config-validator": "^20.0.0", "@commitlint/execute-rule": "^20.0.0", "@commitlint/resolve-extends": "^20.1.0", "@commitlint/types": "^20.0.0", "chalk": "^5.3.0", "cosmiconfig": "^9.0.0", "cosmiconfig-typescript-loader": "^6.1.0", "lodash.isplainobject": "^4.0.6", "lodash.merge": "^4.6.2", "lodash.uniq": "^4.5.0" } }, "sha512-qo9ER0XiAimATQR5QhvvzePfeDfApi/AFlC1G+YN+ZAY8/Ua6IRrDrxRvQAr+YXUKAxUsTDSp9KXeXLBPsNRWg=="],

    "@commitlint/message": ["@commitlint/message@20.0.0", "", {}, "sha512-gLX4YmKnZqSwkmSB9OckQUrI5VyXEYiv3J5JKZRxIp8jOQsWjZgHSG/OgEfMQBK9ibdclEdAyIPYggwXoFGXjQ=="],

    "@commitlint/parse": ["@commitlint/parse@20.0.0", "", { "dependencies": { "@commitlint/types": "^20.0.0", "conventional-changelog-angular": "^7.0.0", "conventional-commits-parser": "^5.0.0" } }, "sha512-j/PHCDX2bGM5xGcWObOvpOc54cXjn9g6xScXzAeOLwTsScaL4Y+qd0pFC6HBwTtrH92NvJQc+2Lx9HFkVi48cg=="],

    "@commitlint/read": ["@commitlint/read@20.0.0", "", { "dependencies": { "@commitlint/top-level": "^20.0.0", "@commitlint/types": "^20.0.0", "git-raw-commits": "^4.0.0", "minimist": "^1.2.8", "tinyexec": "^1.0.0" } }, "sha512-Ti7Y7aEgxsM1nkwA4ZIJczkTFRX/+USMjNrL9NXwWQHqNqrBX2iMi+zfuzZXqfZ327WXBjdkRaytJ+z5vNqTOA=="],

    "@commitlint/resolve-extends": ["@commitlint/resolve-extends@20.1.0", "", { "dependencies": { "@commitlint/config-validator": "^20.0.0", "@commitlint/types": "^20.0.0", "global-directory": "^4.0.1", "import-meta-resolve": "^4.0.0", "lodash.mergewith": "^4.6.2", "resolve-from": "^5.0.0" } }, "sha512-cxKXQrqHjZT3o+XPdqDCwOWVFQiae++uwd9dUBC7f2MdV58ons3uUvASdW7m55eat5sRiQ6xUHyMWMRm6atZWw=="],

    "@commitlint/rules": ["@commitlint/rules@20.0.0", "", { "dependencies": { "@commitlint/ensure": "^20.0.0", "@commitlint/message": "^20.0.0", "@commitlint/to-lines": "^20.0.0", "@commitlint/types": "^20.0.0" } }, "sha512-gvg2k10I/RfvHn5I5sxvVZKM1fl72Sqrv2YY/BnM7lMHcYqO0E2jnRWoYguvBfEcZ39t+rbATlciggVe77E4zA=="],

    "@commitlint/to-lines": ["@commitlint/to-lines@20.0.0", "", {}, "sha512-2l9gmwiCRqZNWgV+pX1X7z4yP0b3ex/86UmUFgoRt672Ez6cAM2lOQeHFRUTuE6sPpi8XBCGnd8Kh3bMoyHwJw=="],

    "@commitlint/top-level": ["@commitlint/top-level@20.0.0", "", { "dependencies": { "find-up": "^7.0.0" } }, "sha512-drXaPSP2EcopukrUXvUXmsQMu3Ey/FuJDc/5oiW4heoCfoE5BdLQyuc7veGeE3aoQaTVqZnh4D5WTWe2vefYKg=="],

    "@commitlint/types": ["@commitlint/types@20.0.0", "", { "dependencies": { "@types/conventional-commits-parser": "^5.0.0", "chalk": "^5.3.0" } }, "sha512-bVUNBqG6aznYcYjTjnc3+Cat/iBgbgpflxbIBTnsHTX0YVpnmINPEkSRWymT2Q8aSH3Y7aKnEbunilkYe8TybA=="],

    "@esbuild/aix-ppc64": ["@esbuild/aix-ppc64@0.25.5", "", { "os": "aix", "cpu": "ppc64" }, "sha512-9o3TMmpmftaCMepOdA5k/yDw8SfInyzWWTjYTFCX3kPSDJMROQTb8jg+h9Cnwnmm1vOzvxN7gIfB5V2ewpjtGA=="],

    "@esbuild/android-arm": ["@esbuild/android-arm@0.25.5", "", { "os": "android", "cpu": "arm" }, "sha512-AdJKSPeEHgi7/ZhuIPtcQKr5RQdo6OO2IL87JkianiMYMPbCtot9fxPbrMiBADOWWm3T2si9stAiVsGbTQFkbA=="],

    "@esbuild/android-arm64": ["@esbuild/android-arm64@0.25.5", "", { "os": "android", "cpu": "arm64" }, "sha512-VGzGhj4lJO+TVGV1v8ntCZWJktV7SGCs3Pn1GRWI1SBFtRALoomm8k5E9Pmwg3HOAal2VDc2F9+PM/rEY6oIDg=="],

    "@esbuild/android-x64": ["@esbuild/android-x64@0.25.5", "", { "os": "android", "cpu": "x64" }, "sha512-D2GyJT1kjvO//drbRT3Hib9XPwQeWd9vZoBJn+bu/lVsOZ13cqNdDeqIF/xQ5/VmWvMduP6AmXvylO/PIc2isw=="],

    "@esbuild/darwin-arm64": ["@esbuild/darwin-arm64@0.25.5", "", { "os": "darwin", "cpu": "arm64" }, "sha512-GtaBgammVvdF7aPIgH2jxMDdivezgFu6iKpmT+48+F8Hhg5J/sfnDieg0aeG/jfSvkYQU2/pceFPDKlqZzwnfQ=="],

    "@esbuild/darwin-x64": ["@esbuild/darwin-x64@0.25.5", "", { "os": "darwin", "cpu": "x64" }, "sha512-1iT4FVL0dJ76/q1wd7XDsXrSW+oLoquptvh4CLR4kITDtqi2e/xwXwdCVH8hVHU43wgJdsq7Gxuzcs6Iq/7bxQ=="],

    "@esbuild/freebsd-arm64": ["@esbuild/freebsd-arm64@0.25.5", "", { "os": "freebsd", "cpu": "arm64" }, "sha512-nk4tGP3JThz4La38Uy/gzyXtpkPW8zSAmoUhK9xKKXdBCzKODMc2adkB2+8om9BDYugz+uGV7sLmpTYzvmz6Sw=="],

    "@esbuild/freebsd-x64": ["@esbuild/freebsd-x64@0.25.5", "", { "os": "freebsd", "cpu": "x64" }, "sha512-PrikaNjiXdR2laW6OIjlbeuCPrPaAl0IwPIaRv+SMV8CiM8i2LqVUHFC1+8eORgWyY7yhQY+2U2fA55mBzReaw=="],

    "@esbuild/linux-arm": ["@esbuild/linux-arm@0.25.5", "", { "os": "linux", "cpu": "arm" }, "sha512-cPzojwW2okgh7ZlRpcBEtsX7WBuqbLrNXqLU89GxWbNt6uIg78ET82qifUy3W6OVww6ZWobWub5oqZOVtwolfw=="],

    "@esbuild/linux-arm64": ["@esbuild/linux-arm64@0.25.5", "", { "os": "linux", "cpu": "arm64" }, "sha512-Z9kfb1v6ZlGbWj8EJk9T6czVEjjq2ntSYLY2cw6pAZl4oKtfgQuS4HOq41M/BcoLPzrUbNd+R4BXFyH//nHxVg=="],

    "@esbuild/linux-ia32": ["@esbuild/linux-ia32@0.25.5", "", { "os": "linux", "cpu": "ia32" }, "sha512-sQ7l00M8bSv36GLV95BVAdhJ2QsIbCuCjh/uYrWiMQSUuV+LpXwIqhgJDcvMTj+VsQmqAHL2yYaasENvJ7CDKA=="],

    "@esbuild/linux-loong64": ["@esbuild/linux-loong64@0.25.5", "", { "os": "linux", "cpu": "none" }, "sha512-0ur7ae16hDUC4OL5iEnDb0tZHDxYmuQyhKhsPBV8f99f6Z9KQM02g33f93rNH5A30agMS46u2HP6qTdEt6Q1kg=="],

    "@esbuild/linux-mips64el": ["@esbuild/linux-mips64el@0.25.5", "", { "os": "linux", "cpu": "none" }, "sha512-kB/66P1OsHO5zLz0i6X0RxlQ+3cu0mkxS3TKFvkb5lin6uwZ/ttOkP3Z8lfR9mJOBk14ZwZ9182SIIWFGNmqmg=="],

    "@esbuild/linux-ppc64": ["@esbuild/linux-ppc64@0.25.5", "", { "os": "linux", "cpu": "ppc64" }, "sha512-UZCmJ7r9X2fe2D6jBmkLBMQetXPXIsZjQJCjgwpVDz+YMcS6oFR27alkgGv3Oqkv07bxdvw7fyB71/olceJhkQ=="],

    "@esbuild/linux-riscv64": ["@esbuild/linux-riscv64@0.25.5", "", { "os": "linux", "cpu": "none" }, "sha512-kTxwu4mLyeOlsVIFPfQo+fQJAV9mh24xL+y+Bm6ej067sYANjyEw1dNHmvoqxJUCMnkBdKpvOn0Ahql6+4VyeA=="],

    "@esbuild/linux-s390x": ["@esbuild/linux-s390x@0.25.5", "", { "os": "linux", "cpu": "s390x" }, "sha512-K2dSKTKfmdh78uJ3NcWFiqyRrimfdinS5ErLSn3vluHNeHVnBAFWC8a4X5N+7FgVE1EjXS1QDZbpqZBjfrqMTQ=="],

    "@esbuild/linux-x64": ["@esbuild/linux-x64@0.25.5", "", { "os": "linux", "cpu": "x64" }, "sha512-uhj8N2obKTE6pSZ+aMUbqq+1nXxNjZIIjCjGLfsWvVpy7gKCOL6rsY1MhRh9zLtUtAI7vpgLMK6DxjO8Qm9lJw=="],

    "@esbuild/netbsd-arm64": ["@esbuild/netbsd-arm64@0.25.5", "", { "os": "none", "cpu": "arm64" }, "sha512-pwHtMP9viAy1oHPvgxtOv+OkduK5ugofNTVDilIzBLpoWAM16r7b/mxBvfpuQDpRQFMfuVr5aLcn4yveGvBZvw=="],

    "@esbuild/netbsd-x64": ["@esbuild/netbsd-x64@0.25.5", "", { "os": "none", "cpu": "x64" }, "sha512-WOb5fKrvVTRMfWFNCroYWWklbnXH0Q5rZppjq0vQIdlsQKuw6mdSihwSo4RV/YdQ5UCKKvBy7/0ZZYLBZKIbwQ=="],

    "@esbuild/openbsd-arm64": ["@esbuild/openbsd-arm64@0.25.5", "", { "os": "openbsd", "cpu": "arm64" }, "sha512-7A208+uQKgTxHd0G0uqZO8UjK2R0DDb4fDmERtARjSHWxqMTye4Erz4zZafx7Di9Cv+lNHYuncAkiGFySoD+Mw=="],

    "@esbuild/openbsd-x64": ["@esbuild/openbsd-x64@0.25.5", "", { "os": "openbsd", "cpu": "x64" }, "sha512-G4hE405ErTWraiZ8UiSoesH8DaCsMm0Cay4fsFWOOUcz8b8rC6uCvnagr+gnioEjWn0wC+o1/TAHt+It+MpIMg=="],

    "@esbuild/sunos-x64": ["@esbuild/sunos-x64@0.25.5", "", { "os": "sunos", "cpu": "x64" }, "sha512-l+azKShMy7FxzY0Rj4RCt5VD/q8mG/e+mDivgspo+yL8zW7qEwctQ6YqKX34DTEleFAvCIUviCFX1SDZRSyMQA=="],

    "@esbuild/win32-arm64": ["@esbuild/win32-arm64@0.25.5", "", { "os": "win32", "cpu": "arm64" }, "sha512-O2S7SNZzdcFG7eFKgvwUEZ2VG9D/sn/eIiz8XRZ1Q/DO5a3s76Xv0mdBzVM5j5R639lXQmPmSo0iRpHqUUrsxw=="],

    "@esbuild/win32-ia32": ["@esbuild/win32-ia32@0.25.5", "", { "os": "win32", "cpu": "ia32" }, "sha512-onOJ02pqs9h1iMJ1PQphR+VZv8qBMQ77Klcsqv9CNW2w6yLqoURLcgERAIurY6QE63bbLuqgP9ATqajFLK5AMQ=="],

    "@esbuild/win32-x64": ["@esbuild/win32-x64@0.25.5", "", { "os": "win32", "cpu": "x64" }, "sha512-TXv6YnJ8ZMVdX+SXWVBo/0p8LTcrUYngpWjvm91TMjjBQii7Oz11Lw5lbDV5Y0TzuhSJHwiH4hEtC1I42mMS0g=="],

    "@jridgewell/sourcemap-codec": ["@jridgewell/sourcemap-codec@1.5.5", "", {}, "sha512-cYQ9310grqxueWbl+WuIUIaiUaDcj7WOq5fVhEljNVgRfOUhY9fy2zTvfoqWsnebh8Sl70VScFbICvJnLKB0Og=="],

    "@rollup/rollup-android-arm-eabi": ["@rollup/rollup-android-arm-eabi@4.44.0", "", { "os": "android", "cpu": "arm" }, "sha512-xEiEE5oDW6tK4jXCAyliuntGR+amEMO7HLtdSshVuhFnKTYoeYMyXQK7pLouAJJj5KHdwdn87bfHAR2nSdNAUA=="],

    "@rollup/rollup-android-arm64": ["@rollup/rollup-android-arm64@4.44.0", "", { "os": "android", "cpu": "arm64" }, "sha512-uNSk/TgvMbskcHxXYHzqwiyBlJ/lGcv8DaUfcnNwict8ba9GTTNxfn3/FAoFZYgkaXXAdrAA+SLyKplyi349Jw=="],

    "@rollup/rollup-darwin-arm64": ["@rollup/rollup-darwin-arm64@4.44.0", "", { "os": "darwin", "cpu": "arm64" }, "sha512-VGF3wy0Eq1gcEIkSCr8Ke03CWT+Pm2yveKLaDvq51pPpZza3JX/ClxXOCmTYYq3us5MvEuNRTaeyFThCKRQhOA=="],

    "@rollup/rollup-darwin-x64": ["@rollup/rollup-darwin-x64@4.44.0", "", { "os": "darwin", "cpu": "x64" }, "sha512-fBkyrDhwquRvrTxSGH/qqt3/T0w5Rg0L7ZIDypvBPc1/gzjJle6acCpZ36blwuwcKD/u6oCE/sRWlUAcxLWQbQ=="],

    "@rollup/rollup-freebsd-arm64": ["@rollup/rollup-freebsd-arm64@4.44.0", "", { "os": "freebsd", "cpu": "arm64" }, "sha512-u5AZzdQJYJXByB8giQ+r4VyfZP+walV+xHWdaFx/1VxsOn6eWJhK2Vl2eElvDJFKQBo/hcYIBg/jaKS8ZmKeNQ=="],

    "@rollup/rollup-freebsd-x64": ["@rollup/rollup-freebsd-x64@4.44.0", "", { "os": "freebsd", "cpu": "x64" }, "sha512-qC0kS48c/s3EtdArkimctY7h3nHicQeEUdjJzYVJYR3ct3kWSafmn6jkNCA8InbUdge6PVx6keqjk5lVGJf99g=="],

    "@rollup/rollup-linux-arm-gnueabihf": ["@rollup/rollup-linux-arm-gnueabihf@4.44.0", "", { "os": "linux", "cpu": "arm" }, "sha512-x+e/Z9H0RAWckn4V2OZZl6EmV0L2diuX3QB0uM1r6BvhUIv6xBPL5mrAX2E3e8N8rEHVPwFfz/ETUbV4oW9+lQ=="],

    "@rollup/rollup-linux-arm-musleabihf": ["@rollup/rollup-linux-arm-musleabihf@4.44.0", "", { "os": "linux", "cpu": "arm" }, "sha512-1exwiBFf4PU/8HvI8s80icyCcnAIB86MCBdst51fwFmH5dyeoWVPVgmQPcKrMtBQ0W5pAs7jBCWuRXgEpRzSCg=="],

    "@rollup/rollup-linux-arm64-gnu": ["@rollup/rollup-linux-arm64-gnu@4.44.0", "", { "os": "linux", "cpu": "arm64" }, "sha512-ZTR2mxBHb4tK4wGf9b8SYg0Y6KQPjGpR4UWwTFdnmjB4qRtoATZ5dWn3KsDwGa5Z2ZBOE7K52L36J9LueKBdOQ=="],

    "@rollup/rollup-linux-arm64-musl": ["@rollup/rollup-linux-arm64-musl@4.44.0", "", { "os": "linux", "cpu": "arm64" }, "sha512-GFWfAhVhWGd4r6UxmnKRTBwP1qmModHtd5gkraeW2G490BpFOZkFtem8yuX2NyafIP/mGpRJgTJ2PwohQkUY/Q=="],

    "@rollup/rollup-linux-loongarch64-gnu": ["@rollup/rollup-linux-loongarch64-gnu@4.44.0", "", { "os": "linux", "cpu": "none" }, "sha512-xw+FTGcov/ejdusVOqKgMGW3c4+AgqrfvzWEVXcNP6zq2ue+lsYUgJ+5Rtn/OTJf7e2CbgTFvzLW2j0YAtj0Gg=="],

    "@rollup/rollup-linux-powerpc64le-gnu": ["@rollup/rollup-linux-powerpc64le-gnu@4.44.0", "", { "os": "linux", "cpu": "ppc64" }, "sha512-bKGibTr9IdF0zr21kMvkZT4K6NV+jjRnBoVMt2uNMG0BYWm3qOVmYnXKzx7UhwrviKnmK46IKMByMgvpdQlyJQ=="],

    "@rollup/rollup-linux-riscv64-gnu": ["@rollup/rollup-linux-riscv64-gnu@4.44.0", "", { "os": "linux", "cpu": "none" }, "sha512-vV3cL48U5kDaKZtXrti12YRa7TyxgKAIDoYdqSIOMOFBXqFj2XbChHAtXquEn2+n78ciFgr4KIqEbydEGPxXgA=="],

    "@rollup/rollup-linux-riscv64-musl": ["@rollup/rollup-linux-riscv64-musl@4.44.0", "", { "os": "linux", "cpu": "none" }, "sha512-TDKO8KlHJuvTEdfw5YYFBjhFts2TR0VpZsnLLSYmB7AaohJhM8ctDSdDnUGq77hUh4m/djRafw+9zQpkOanE2Q=="],

    "@rollup/rollup-linux-s390x-gnu": ["@rollup/rollup-linux-s390x-gnu@4.44.0", "", { "os": "linux", "cpu": "s390x" }, "sha512-8541GEyktXaw4lvnGp9m84KENcxInhAt6vPWJ9RodsB/iGjHoMB2Pp5MVBCiKIRxrxzJhGCxmNzdu+oDQ7kwRA=="],

    "@rollup/rollup-linux-x64-gnu": ["@rollup/rollup-linux-x64-gnu@4.44.0", "", { "os": "linux", "cpu": "x64" }, "sha512-iUVJc3c0o8l9Sa/qlDL2Z9UP92UZZW1+EmQ4xfjTc1akr0iUFZNfxrXJ/R1T90h/ILm9iXEY6+iPrmYB3pXKjw=="],

    "@rollup/rollup-linux-x64-musl": ["@rollup/rollup-linux-x64-musl@4.44.0", "", { "os": "linux", "cpu": "x64" }, "sha512-PQUobbhLTQT5yz/SPg116VJBgz+XOtXt8D1ck+sfJJhuEsMj2jSej5yTdp8CvWBSceu+WW+ibVL6dm0ptG5fcA=="],

    "@rollup/rollup-win32-arm64-msvc": ["@rollup/rollup-win32-arm64-msvc@4.44.0", "", { "os": "win32", "cpu": "arm64" }, "sha512-M0CpcHf8TWn+4oTxJfh7LQuTuaYeXGbk0eageVjQCKzYLsajWS/lFC94qlRqOlyC2KvRT90ZrfXULYmukeIy7w=="],

    "@rollup/rollup-win32-ia32-msvc": ["@rollup/rollup-win32-ia32-msvc@4.44.0", "", { "os": "win32", "cpu": "ia32" }, "sha512-3XJ0NQtMAXTWFW8FqZKcw3gOQwBtVWP/u8TpHP3CRPXD7Pd6s8lLdH3sHWh8vqKCyyiI8xW5ltJScQmBU9j7WA=="],

    "@rollup/rollup-win32-x64-msvc": ["@rollup/rollup-win32-x64-msvc@4.44.0", "", { "os": "win32", "cpu": "x64" }, "sha512-Q2Mgwt+D8hd5FIPUuPDsvPR7Bguza6yTkJxspDGkZj7tBRn2y4KSWYuIXpftFSjBra76TbKerCV7rgFPQrn+wQ=="],

    "@standard-schema/spec": ["@standard-schema/spec@1.0.0", "", {}, "sha512-m2bOd0f2RT9k8QJx1JN85cZYyH1RqFBdlwtkSlf4tBDYLCiiZnv1fIIwacK6cqwXavOydf0NPToMQgpKq+dVlA=="],

    "@types/bun": ["@types/bun@1.1.3", "", { "dependencies": { "bun-types": "1.1.9" } }, "sha512-i+mVz8C/lx+RprDR6Mr402iE1kmajgJPnmSfJ/NvU85sGGXSylYZ/6yc+XhVLr2E/t8o6HmjwV0evtnUOR0CFA=="],

    "@types/chai": ["@types/chai@5.2.2", "", { "dependencies": { "@types/deep-eql": "*" } }, "sha512-8kB30R7Hwqf40JPiKhVzodJs2Qc1ZJ5zuT3uzw5Hq/dhNCl3G3l83jfpdI1e20BP348+fV7VIL/+FxaXkqBmWg=="],

    "@types/conventional-commits-parser": ["@types/conventional-commits-parser@5.0.0", "", { "dependencies": { "@types/node": "*" } }, "sha512-loB369iXNmAZglwWATL+WRe+CRMmmBPtpolYzIebFaX4YA3x+BEfLqhUAV9WanycKI3TG1IMr5bMJDajDKLlUQ=="],

    "@types/deep-eql": ["@types/deep-eql@4.0.2", "", {}, "sha512-c9h9dVVMigMPc4bwTvC5dxqtqJZwQPePsWjPlpSOnojbor6pGqdk541lfA7AqFQr5pB1BRdq0juY9db81BwyFw=="],

    "@types/estree": ["@types/estree@1.0.8", "", {}, "sha512-dWHzHa2WqEXI/O1E9OjrocMTKJl2mSrEolh1Iomrv6U+JuNwaHXsXx9bLu5gG7BUWFIN0skIQJQ/L1rIex4X6w=="],

    "@types/node": ["@types/node@20.12.12", "", { "dependencies": { "undici-types": "~5.26.4" } }, "sha512-eWLDGF/FOSPtAvEqeRAQ4C8LSA7M1I7i0ky1I8U7kD1J5ITyW3AsRhQrKVoWf5pFKZ2kILsEGJhsI9r93PYnOw=="],

    "@types/ws": ["@types/ws@8.5.10", "", { "dependencies": { "@types/node": "*" } }, "sha512-vmQSUcfalpIq0R9q7uTo2lXs6eGIpt9wtnLdMv9LVpIjCA/+ufZRozlVoVelIYixx1ugCBKDhn89vnsEGOCx9A=="],

    "@vitest/expect": ["@vitest/expect@4.0.9", "", { "dependencies": { "@standard-schema/spec": "^1.0.0", "@types/chai": "^5.2.2", "@vitest/spy": "4.0.9", "@vitest/utils": "4.0.9", "chai": "^6.2.0", "tinyrainbow": "^3.0.3" } }, "sha512-C2vyXf5/Jfj1vl4DQYxjib3jzyuswMi/KHHVN2z+H4v16hdJ7jMZ0OGe3uOVIt6LyJsAofDdaJNIFEpQcrSTFw=="],

    "@vitest/mocker": ["@vitest/mocker@4.0.9", "", { "dependencies": { "@vitest/spy": "4.0.9", "estree-walker": "^3.0.3", "magic-string": "^0.30.21" }, "peerDependencies": { "msw": "^2.4.9", "vite": "^6.0.0 || ^7.0.0-0" }, "optionalPeers": ["msw", "vite"] }, "sha512-PUyaowQFHW+9FKb4dsvvBM4o025rWMlEDXdWRxIOilGaHREYTi5Q2Rt9VCgXgPy/hHZu1LeuXtrA/GdzOatP2g=="],

    "@vitest/pretty-format": ["@vitest/pretty-format@4.0.9", "", { "dependencies": { "tinyrainbow": "^3.0.3" } }, "sha512-Hor0IBTwEi/uZqB7pvGepyElaM8J75pYjrrqbC8ZYMB9/4n5QA63KC15xhT+sqHpdGWfdnPo96E8lQUxs2YzSQ=="],

    "@vitest/runner": ["@vitest/runner@4.0.9", "", { "dependencies": { "@vitest/utils": "4.0.9", "pathe": "^2.0.3" } }, "sha512-aF77tsXdEvIJRkj9uJZnHtovsVIx22Ambft9HudC+XuG/on1NY/bf5dlDti1N35eJT+QZLb4RF/5dTIG18s98w=="],

    "@vitest/snapshot": ["@vitest/snapshot@4.0.9", "", { "dependencies": { "@vitest/pretty-format": "4.0.9", "magic-string": "^0.30.21", "pathe": "^2.0.3" } }, "sha512-r1qR4oYstPbnOjg0Vgd3E8ADJbi4ditCzqr+Z9foUrRhIy778BleNyZMeAJ2EjV+r4ASAaDsdciC9ryMy8xMMg=="],

    "@vitest/spy": ["@vitest/spy@4.0.9", "", {}, "sha512-J9Ttsq0hDXmxmT8CUOWUr1cqqAj2FJRGTdyEjSR+NjoOGKEqkEWj+09yC0HhI8t1W6t4Ctqawl1onHgipJve1A=="],

    "@vitest/utils": ["@vitest/utils@4.0.9", "", { "dependencies": { "@vitest/pretty-format": "4.0.9", "tinyrainbow": "^3.0.3" } }, "sha512-cEol6ygTzY4rUPvNZM19sDf7zGa35IYTm9wfzkHoT/f5jX10IOY7QleWSOh5T0e3I3WVozwK5Asom79qW8DiuQ=="],

    "JSONStream": ["JSONStream@1.3.5", "", { "dependencies": { "jsonparse": "^1.2.0", "through": ">=2.2.7 <3" }, "bin": { "JSONStream": "./bin.js" } }, "sha512-E+iruNOY8VV9s4JEbe1aNEm6MiszPRr/UfcHMz0TQh1BXSxHK+ASV1R6W4HpjBhSeS+54PIsAMCBmwD06LLsqQ=="],

    "ajv": ["ajv@8.17.1", "", { "dependencies": { "fast-deep-equal": "^3.1.3", "fast-uri": "^3.0.1", "json-schema-traverse": "^1.0.0", "require-from-string": "^2.0.2" } }, "sha512-B/gBuNg5SiMTrPkC+A2+cW0RszwxYmn6VYxB/inlBStS5nx6xHIt/ehKRhIMhqusl7a8LjQoZnjCs5vhwxOQ1g=="],

    "ansi-regex": ["ansi-regex@5.0.1", "", {}, "sha512-quJQXlTSUGL2LH9SUXo8VwsY4soanhgo6LNSm84E1LBcE8s3O0wpdiRzyR9z/ZZJMlMWv37qOOb9pdJlMUEKFQ=="],

    "ansi-styles": ["ansi-styles@4.3.0", "", { "dependencies": { "color-convert": "^2.0.1" } }, "sha512-zbB9rCJAT1rbjiVDb2hqKFHNYLxgtk8NURxZ3IZwD3F6NtxbXZQCnnSi1Lkx+IDohdPlFp222wVALIheZJQSEg=="],

    "argparse": ["argparse@2.0.1", "", {}, "sha512-8+9WqebbFzpX9OR+Wa6O29asIogeRMzcGtAINdpMHHyAg10f05aSFVBbcEqGf/PXw1EjAZ+q2/bEBg3DvurK3Q=="],

    "array-ify": ["array-ify@1.0.0", "", {}, "sha512-c5AMf34bKdvPhQ7tBGhqkgKNUzMr4WUs+WDtC2ZUGOUncbxKMTvqxYctiseW3+L4bA8ec+GcZ6/A/FW4m8ukng=="],

    "bun-types": ["bun-types@1.1.9", "", { "dependencies": { "@types/node": "~20.12.8", "@types/ws": "~8.5.10" } }, "sha512-3YuLiH4Ne/ghk7K6mHiaqCqKOMrtB0Z5p1WAskHSVgi0iMZgsARV4yGkbfi565YsStvUq6GXTWB3ga7M8cznkA=="],

    "callsites": ["callsites@3.1.0", "", {}, "sha512-P8BjAsXvZS+VIDUI11hHCQEv74YT67YUi5JJFNWIqL235sBmjX4+qx9Muvls5ivyNENctx46xQLQ3aTuE7ssaQ=="],

    "chai": ["chai@6.2.0", "", {}, "sha512-aUTnJc/JipRzJrNADXVvpVqi6CO0dn3nx4EVPxijri+fj3LUUDyZQOgVeW54Ob3Y1Xh9Iz8f+CgaCl8v0mn9bA=="],

    "chalk": ["chalk@5.3.0", "", {}, "sha512-dLitG79d+GV1Nb/VYcCDFivJeK1hiukt9QjRNVOsUtTy1rR1YJsmpGGTZ3qJos+uw7WmWF4wUwBd9jxjocFC2w=="],

    "cliui": ["cliui@8.0.1", "", { "dependencies": { "string-width": "^4.2.0", "strip-ansi": "^6.0.1", "wrap-ansi": "^7.0.0" } }, "sha512-BSeNnyus75C4//NQ9gQt1/csTXyo/8Sb+afLAkzAptFuMsod9HFokGNudZpi/oQV73hnVK+sR+5PVRMd+Dr7YQ=="],

    "color-convert": ["color-convert@2.0.1", "", { "dependencies": { "color-name": "~1.1.4" } }, "sha512-RRECPsj7iu/xb5oKYcsFHSppFNnsj/52OVTRKb4zP5onXwVF3zVmmToNcOfGC+CRDpfK/U584fMg38ZHCaElKQ=="],

    "color-name": ["color-name@1.1.4", "", {}, "sha512-dOy+3AuW3a2wNbZHIuMZpTcgjGuLU/uBL/ubcZF9OXbDo8ff4O8yVp5Bf0efS8uEoYo5q4Fx7dY9OgQGXgAsQA=="],

    "compare-func": ["compare-func@2.0.0", "", { "dependencies": { "array-ify": "^1.0.0", "dot-prop": "^5.1.0" } }, "sha512-zHig5N+tPWARooBnb0Zx1MFcdfpyJrfTJ3Y5L+IFvUm8rM74hHz66z0gw0x4tijh5CorKkKUCnW82R2vmpeCRA=="],

    "conventional-changelog-angular": ["conventional-changelog-angular@7.0.0", "", { "dependencies": { "compare-func": "^2.0.0" } }, "sha512-ROjNchA9LgfNMTTFSIWPzebCwOGFdgkEq45EnvvrmSLvCtAw0HSmrCs7/ty+wAeYUZyNay0YMUNYFTRL72PkBQ=="],

    "conventional-changelog-conventionalcommits": ["conventional-changelog-conventionalcommits@7.0.2", "", { "dependencies": { "compare-func": "^2.0.0" } }, "sha512-NKXYmMR/Hr1DevQegFB4MwfM5Vv0m4UIxKZTTYuD98lpTknaZlSRrDOG4X7wIXpGkfsYxZTghUN+Qq+T0YQI7w=="],

    "conventional-commits-parser": ["conventional-commits-parser@5.0.0", "", { "dependencies": { "JSONStream": "^1.3.5", "is-text-path": "^2.0.0", "meow": "^12.0.1", "split2": "^4.0.0" }, "bin": { "conventional-commits-parser": "cli.mjs" } }, "sha512-ZPMl0ZJbw74iS9LuX9YIAiW8pfM5p3yh2o/NbXHbkFuZzY5jvdi5jFycEOkmBW5H5I7nA+D6f3UcsCLP2vvSEA=="],

    "cosmiconfig": ["cosmiconfig@9.0.0", "", { "dependencies": { "env-paths": "^2.2.1", "import-fresh": "^3.3.0", "js-yaml": "^4.1.0", "parse-json": "^5.2.0" }, "peerDependencies": { "typescript": ">=4.9.5" }, "optionalPeers": ["typescript"] }, "sha512-itvL5h8RETACmOTFc4UfIyB2RfEHi71Ax6E/PivVxq9NseKbOWpeyHEOIbmAw1rs8Ak0VursQNww7lf7YtUwzg=="],

    "cosmiconfig-typescript-loader": ["cosmiconfig-typescript-loader@6.1.0", "", { "dependencies": { "jiti": "^2.4.1" }, "peerDependencies": { "@types/node": "*", "cosmiconfig": ">=9", "typescript": ">=5" } }, "sha512-tJ1w35ZRUiM5FeTzT7DtYWAFFv37ZLqSRkGi2oeCK1gPhvaWjkAtfXvLmvE1pRfxxp9aQo6ba/Pvg1dKj05D4g=="],

    "dargs": ["dargs@8.1.0", "", {}, "sha512-wAV9QHOsNbwnWdNW2FYvE1P56wtgSbM+3SZcdGiWQILwVjACCXDCI3Ai8QlCjMDB8YK5zySiXZYBiwGmNY3lnw=="],

    "debug": ["debug@4.4.3", "", { "dependencies": { "ms": "^2.1.3" } }, "sha512-RGwwWnwQvkVfavKVt22FGLw+xYSdzARwm0ru6DhTVA3umU5hZc28V3kO4stgYryrTlLpuvgI9GiijltAjNbcqA=="],

    "dot-prop": ["dot-prop@5.3.0", "", { "dependencies": { "is-obj": "^2.0.0" } }, "sha512-QM8q3zDe58hqUqjraQOmzZ1LIH9SWQJTlEKCH4kJ2oQvLZk7RbQXvtDM2XEq3fwkV9CCvvH4LA0AV+ogFsBM2Q=="],

    "emoji-regex": ["emoji-regex@8.0.0", "", {}, "sha512-MSjYzcWNOA0ewAHpz0MxpYFvwg6yjy1NG3xteoqz644VCo/RPgnr1/GGt+ic3iJTzQ8Eu3TdM14SawnVUmGE6A=="],

    "env-paths": ["env-paths@2.2.1", "", {}, "sha512-+h1lkLKhZMTYjog1VEpJNG7NZJWcuc2DDk/qsqSTRRCOXiLjeQ1d1/udrUGhqMxUgAlwKNZ0cf2uqan5GLuS2A=="],

    "error-ex": ["error-ex@1.3.2", "", { "dependencies": { "is-arrayish": "^0.2.1" } }, "sha512-7dFHNmqeFSEt2ZBsCriorKnn3Z2pj+fd9kmI6QoWw4//DL+icEBfc0U7qJCisqrTsKTjw4fNFy2pW9OqStD84g=="],

    "es-module-lexer": ["es-module-lexer@1.7.0", "", {}, "sha512-jEQoCwk8hyb2AZziIOLhDqpm5+2ww5uIE6lkO/6jcOCusfk6LhMHpXXfBLXTZ7Ydyt0j4VoUQv6uGNYbdW+kBA=="],

    "esbuild": ["esbuild@0.25.5", "", { "optionalDependencies": { "@esbuild/aix-ppc64": "0.25.5", "@esbuild/android-arm": "0.25.5", "@esbuild/android-arm64": "0.25.5", "@esbuild/android-x64": "0.25.5", "@esbuild/darwin-arm64": "0.25.5", "@esbuild/darwin-x64": "0.25.5", "@esbuild/freebsd-arm64": "0.25.5", "@esbuild/freebsd-x64": "0.25.5", "@esbuild/linux-arm": "0.25.5", "@esbuild/linux-arm64": "0.25.5", "@esbuild/linux-ia32": "0.25.5", "@esbuild/linux-loong64": "0.25.5", "@esbuild/linux-mips64el": "0.25.5", "@esbuild/linux-ppc64": "0.25.5", "@esbuild/linux-riscv64": "0.25.5", "@esbuild/linux-s390x": "0.25.5", "@esbuild/linux-x64": "0.25.5", "@esbuild/netbsd-arm64": "0.25.5", "@esbuild/netbsd-x64": "0.25.5", "@esbuild/openbsd-arm64": "0.25.5", "@esbuild/openbsd-x64": "0.25.5", "@esbuild/sunos-x64": "0.25.5", "@esbuild/win32-arm64": "0.25.5", "@esbuild/win32-ia32": "0.25.5", "@esbuild/win32-x64": "0.25.5" }, "bin": { "esbuild": "bin/esbuild" } }, "sha512-P8OtKZRv/5J5hhz0cUAdu/cLuPIKXpQl1R9pZtvmHWQvrAUVd0UNIPT4IB4W3rNOqVO0rlqHmCIbSwxh/c9yUQ=="],

    "escalade": ["escalade@3.1.2", "", {}, "sha512-ErCHMCae19vR8vQGe50xIsVomy19rg6gFu3+r3jkEO46suLMWBksvVyoGgQV+jOfl84ZSOSlmv6Gxa89PmTGmA=="],

    "escape-string-regexp": ["escape-string-regexp@1.0.5", "", {}, "sha512-vbRorB5FUQWvla16U8R/qgaFIya2qGzwDrNmCZuYKrbdSUMG6I1ZCGQRefkRVhuOkIGVne7BQ35DSfo1qvJqFg=="],

    "estree-walker": ["estree-walker@3.0.3", "", { "dependencies": { "@types/estree": "^1.0.0" } }, "sha512-7RUKfXgSMMkzt6ZuXmqapOurLGPPfgj6l9uRZ7lRGolvk0y2yocc35LdcxKC5PQZdn2DMqioAQ2NoWcrTKmm6g=="],

    "expect-type": ["expect-type@1.2.2", "", {}, "sha512-JhFGDVJ7tmDJItKhYgJCGLOWjuK9vPxiXoUFLwLDc99NlmklilbiQJwoctZtt13+xMw91MCk/REan6MWHqDjyA=="],

    "fast-deep-equal": ["fast-deep-equal@3.1.3", "", {}, "sha512-f3qQ9oQy9j2AhBe/H9VC91wLmKBCCU/gDOnKNAYG5hswO7BLKj09Hc5HYNz9cGI++xlpDCIgDaitVs03ATR84Q=="],

    "fast-uri": ["fast-uri@3.0.1", "", {}, "sha512-MWipKbbYiYI0UC7cl8m/i/IWTqfC8YXsqjzybjddLsFjStroQzsHXkc73JutMvBiXmOvapk+axIl79ig5t55Bw=="],

    "fdir": ["fdir@6.5.0", "", { "peerDependencies": { "picomatch": "^3 || ^4" }, "optionalPeers": ["picomatch"] }, "sha512-tIbYtZbucOs0BRGqPJkshJUYdL+SDH7dVM8gjy+ERp3WAUjLEFJE+02kanyHtwjWOnwrKYBiwAmM0p4kLJAnXg=="],

    "find-up": ["find-up@7.0.0", "", { "dependencies": { "locate-path": "^7.2.0", "path-exists": "^5.0.0", "unicorn-magic": "^0.1.0" } }, "sha512-YyZM99iHrqLKjmt4LJDj58KI+fYyufRLBSYcqycxf//KpBk9FoewoGX0450m9nB44qrZnovzC2oeP5hUibxc/g=="],

    "fsevents": ["fsevents@2.3.3", "", { "os": "darwin" }, "sha512-5xoDfX+fL7faATnagmWPpbFtwh/R77WmMMqqHGS65C3vvB0YHrgF+B1YmZ3441tMj5n63k0212XNoJwzlhffQw=="],

    "get-caller-file": ["get-caller-file@2.0.5", "", {}, "sha512-DyFP3BM/3YHTQOCUL/w0OZHR0lpKeGrxotcHWcqNEdnltqFwXVfhEBQ94eIo34AfQpo0rGki4cyIiftY06h2Fg=="],

    "git-raw-commits": ["git-raw-commits@4.0.0", "", { "dependencies": { "dargs": "^8.0.0", "meow": "^12.0.1", "split2": "^4.0.0" }, "bin": { "git-raw-commits": "cli.mjs" } }, "sha512-ICsMM1Wk8xSGMowkOmPrzo2Fgmfo4bMHLNX6ytHjajRJUqvHOw/TFapQ+QG75c3X/tTDDhOSRPGC52dDbNM8FQ=="],

    "global-directory": ["global-directory@4.0.1", "", { "dependencies": { "ini": "4.1.1" } }, "sha512-wHTUcDUoZ1H5/0iVqEudYW4/kAlN5cZ3j/bXn0Dpbizl9iaUVeWSHqiOjsgk6OW2bkLclbBjzewBz6weQ1zA2Q=="],

    "has-flag": ["has-flag@3.0.0", "", {}, "sha512-sKJf1+ceQBr4SMkvQnBDNDtf4TXpVhVGateu0t918bl30FnbE2m4vNLX+VWe/dpjlb+HugGYzW7uQXH98HPEYw=="],

    "import-fresh": ["import-fresh@3.3.0", "", { "dependencies": { "parent-module": "^1.0.0", "resolve-from": "^4.0.0" } }, "sha512-veYYhQa+D1QBKznvhUHxb8faxlrwUnxseDAbAp457E0wLNio2bOSKnjYDhMj+YiAq61xrMGhQk9iXVk5FzgQMw=="],

    "import-meta-resolve": ["import-meta-resolve@4.1.0", "", {}, "sha512-I6fiaX09Xivtk+THaMfAwnA3MVA5Big1WHF1Dfx9hFuvNIWpXnorlkzhcQf6ehrqQiiZECRt1poOAkPmer3ruw=="],

    "ini": ["ini@4.1.1", "", {}, "sha512-QQnnxNyfvmHFIsj7gkPcYymR8Jdw/o7mp5ZFihxn6h8Ci6fh3Dx4E1gPjpQEpIuPo9XVNY/ZUwh4BPMjGyL01g=="],

    "is-arrayish": ["is-arrayish@0.2.1", "", {}, "sha512-zz06S8t0ozoDXMG+ube26zeCTNXcKIPJZJi8hBrF4idCLms4CG9QtK7qBl1boi5ODzFpjswb5JPmHCbMpjaYzg=="],

    "is-fullwidth-code-point": ["is-fullwidth-code-point@3.0.0", "", {}, "sha512-zymm5+u+sCsSWyD9qNaejV3DFvhCKclKdizYaJUuHA83RLjb7nSuGnddCHGv0hk+KY7BMAlsWeK4Ueg6EV6XQg=="],

    "is-obj": ["is-obj@2.0.0", "", {}, "sha512-drqDG3cbczxxEJRoOXcOjtdp1J/lyp1mNn0xaznRs8+muBhgQcrnbspox5X5fOw0HnMnbfDzvnEMEtqDEJEo8w=="],

    "is-text-path": ["is-text-path@2.0.0", "", { "dependencies": { "text-extensions": "^2.0.0" } }, "sha512-+oDTluR6WEjdXEJMnC2z6A4FRwFoYuvShVVEGsS7ewc0UTi2QtAKMDJuL4BDEVt+5T7MjFo12RP8ghOM75oKJw=="],

    "jiti": ["jiti@2.4.1", "", { "bin": { "jiti": "lib/jiti-cli.mjs" } }, "sha512-yPBThwecp1wS9DmoA4x4KR2h3QoslacnDR8ypuFM962kI4/456Iy1oHx2RAgh4jfZNdn0bctsdadceiBUgpU1g=="],

    "js-tokens": ["js-tokens@4.0.0", "", {}, "sha512-RdJUflcE3cUzKiMqQgsCu06FPu9UdIJO0beYbPhHN4k6apgJtifcoCtT9bcxOpYBtpD2kCM6Sbzg4CausW/PKQ=="],

    "js-yaml": ["js-yaml@4.1.0", "", { "dependencies": { "argparse": "^2.0.1" }, "bin": { "js-yaml": "bin/js-yaml.js" } }, "sha512-wpxZs9NoxZaJESJGIZTyDEaYpl0FKSA+FB9aJiyemKhMwkxQg63h4T1KJgUGHpTqPDNRcmmYLugrRjJlBtWvRA=="],

    "json-parse-even-better-errors": ["json-parse-even-better-errors@2.3.1", "", {}, "sha512-xyFwyhro/JEof6Ghe2iz2NcXoj2sloNsWr/XsERDK/oiPCfaNhl5ONfp+jQdAZRQQ0IJWNzH9zIZF7li91kh2w=="],

    "json-schema-traverse": ["json-schema-traverse@1.0.0", "", {}, "sha512-NM8/P9n3XjXhIZn1lLhkFaACTOURQXjWhV4BA/RnOv8xvgqtqpAX9IO4mRQxSx1Rlo4tqzeqb0sOlruaOy3dug=="],

    "jsonparse": ["jsonparse@1.3.1", "", {}, "sha512-POQXvpdL69+CluYsillJ7SUhKvytYjW9vG/GKpnf+xP8UWgYEM/RaMzHHofbALDiKbbP1W8UEYmgGl39WkPZsg=="],

    "lefthook": ["lefthook@2.0.4", "", { "optionalDependencies": { "lefthook-darwin-arm64": "2.0.4", "lefthook-darwin-x64": "2.0.4", "lefthook-freebsd-arm64": "2.0.4", "lefthook-freebsd-x64": "2.0.4", "lefthook-linux-arm64": "2.0.4", "lefthook-linux-x64": "2.0.4", "lefthook-openbsd-arm64": "2.0.4", "lefthook-openbsd-x64": "2.0.4", "lefthook-windows-arm64": "2.0.4", "lefthook-windows-x64": "2.0.4" }, "bin": { "lefthook": "bin/index.js" } }, "sha512-GNCU2vQWM/UWjiEF23601aILi1aMbPke6viortH7wIO/oVGOCW0H6FdLez4XZDyqnHL9XkTnd0BBVrBbYVMLpA=="],

    "lefthook-darwin-arm64": ["lefthook-darwin-arm64@2.0.4", "", { "os": "darwin", "cpu": "arm64" }, "sha512-AR63/O5UkM7Sc6x5PhP4vTuztTYRBeBroXApeWGM/8e5uZyoQug/7KTh7xhbCMDf8WJv6vdFeXAQCPSmDyPU3Q=="],

    "lefthook-darwin-x64": ["lefthook-darwin-x64@2.0.4", "", { "os": "darwin", "cpu": "x64" }, "sha512-618DVUttSzV9egQiqTQoxGfnR240JoPWYmqRVHhiegnQKZ2lp5XJ+7NMxeRk/ih93VVOLzFO5ky3PbpxTmJgjQ=="],

    "lefthook-freebsd-arm64": ["lefthook-freebsd-arm64@2.0.4", "", { "os": "freebsd", "cpu": "arm64" }, "sha512-mTAQym1BK38fKglHBQ/0GXPznVC4LoStHO5lAI3ZxaEC0FQetqGHYFzhWbIH5sde9JhztE2rL/aBzMHDoAtzSw=="],

    "lefthook-freebsd-x64": ["lefthook-freebsd-x64@2.0.4", "", { "os": "freebsd", "cpu": "x64" }, "sha512-sy02aSxd8UMd6XmiPFVl/Em0b78jdZcDSsLwg+bweJQQk0l+vJhOfqFiG11mbnpo+EBIZmRe6OH5LkxeSU36+w=="],

    "lefthook-linux-arm64": ["lefthook-linux-arm64@2.0.4", "", { "os": "linux", "cpu": "arm64" }, "sha512-W0Nlr/Cz2QTH9n4k5zNrk3LSsg1C4wHiJi8hrAiQVTaAV/N1XrKqd0DevqQuouuapG6pw/6B1xCgiNPebv9oyw=="],

    "lefthook-linux-x64": ["lefthook-linux-x64@2.0.4", "", { "os": "linux", "cpu": "x64" }, "sha512-N6ySVCtB/DrOZ1ZgPL8WBZTgtoVHvcPKI+LV5wbcGrvA/dzDZFvniadrbDWZg7Tm705efiQzyENjwhhqNkwiww=="],

    "lefthook-openbsd-arm64": ["lefthook-openbsd-arm64@2.0.4", "", { "os": "openbsd", "cpu": "arm64" }, "sha512-VmOhJO3pYzZ/1C2WFXtL/n5pq4/eYOroqJJpwTJfmCHyw4ceLACu8MDyU5AMJhGMkbL8mPxGInJKxg5xhYgGRw=="],

    "lefthook-openbsd-x64": ["lefthook-openbsd-x64@2.0.4", "", { "os": "openbsd", "cpu": "x64" }, "sha512-U8MZz1xlHUdflkQQ2hkMQsei6fSZbs8tuE4EjCIHWnNdnAF4V8sZ6n1KbxsJcoZXPyBZqxZSMu1o/Ye8IAMVKg=="],

    "lefthook-windows-arm64": ["lefthook-windows-arm64@2.0.4", "", { "os": "win32", "cpu": "arm64" }, "sha512-543H3y2JAwNdvwUQ6nlNBG7rdKgoOUgzAa6pYcl6EoqicCRrjRmGhkJu7vUudkkrD2Wjm7tr9hU9poP2g5fRFQ=="],

    "lefthook-windows-x64": ["lefthook-windows-x64@2.0.4", "", { "os": "win32", "cpu": "x64" }, "sha512-UDEPK9RWKm60xsNOdS/DQOdFba0SFa4w3tpFMXK1AJzmRHhosoKrorXGhtTr6kcM0MGKOtYi8GHsm++ArZ9wvQ=="],

    "lines-and-columns": ["lines-and-columns@1.2.4", "", {}, "sha512-7ylylesZQ/PV29jhEDl3Ufjo6ZX7gCqJr5F7PKrqc93v7fzSymt1BpwEU8nAUXs8qzzvqhbjhK5QZg6Mt/HkBg=="],

    "locate-path": ["locate-path@7.2.0", "", { "dependencies": { "p-locate": "^6.0.0" } }, "sha512-gvVijfZvn7R+2qyPX8mAuKcFGDf6Nc61GdvGafQsHL0sBIxfKzA+usWn4GFC/bk+QdwPUD4kWFJLhElipq+0VA=="],

    "lodash.camelcase": ["lodash.camelcase@4.3.0", "", {}, "sha512-TwuEnCnxbc3rAvhf/LbG7tJUDzhqXyFnv3dtzLOPgCG/hODL7WFnsbwktkD7yUV0RrreP/l1PALq/YSg6VvjlA=="],

    "lodash.isplainobject": ["lodash.isplainobject@4.0.6", "", {}, "sha512-oSXzaWypCMHkPC3NvBEaPHf0KsA5mvPrOPgQWDsbg8n7orZ290M0BmC/jgRZ4vcJ6DTAhjrsSYgdsW/F+MFOBA=="],

    "lodash.kebabcase": ["lodash.kebabcase@4.1.1", "", {}, "sha512-N8XRTIMMqqDgSy4VLKPnJ/+hpGZN+PHQiJnSenYqPaVV/NCqEogTnAdZLQiGKhxX+JCs8waWq2t1XHWKOmlY8g=="],

    "lodash.merge": ["lodash.merge@4.6.2", "", {}, "sha512-0KpjqXRVvrYyCsX1swR/XTK0va6VQkQM6MNo7PqW77ByjAhoARA8EfrP1N4+KlKj8YS0ZUCtRT/YUuhyYDujIQ=="],

    "lodash.mergewith": ["lodash.mergewith@4.6.2", "", {}, "sha512-GK3g5RPZWTRSeLSpgP8Xhra+pnjBC56q9FZYe1d5RN3TJ35dbkGy3YqBSMbyCrlbi+CM9Z3Jk5yTL7RCsqboyQ=="],

    "lodash.snakecase": ["lodash.snakecase@4.1.1", "", {}, "sha512-QZ1d4xoBHYUeuouhEq3lk3Uq7ldgyFXGBhg04+oRLnIz8o9T65Eh+8YdroUwn846zchkA9yDsDl5CVVaV2nqYw=="],

    "lodash.startcase": ["lodash.startcase@4.4.0", "", {}, "sha512-+WKqsK294HMSc2jEbNgpHpd0JfIBhp7rEV4aqXWqFr6AlXov+SlcgB1Fv01y2kGe3Gc8nMW7VA0SrGuSkRfIEg=="],

    "lodash.uniq": ["lodash.uniq@4.5.0", "", {}, "sha512-xfBaXQd9ryd9dlSDvnvI0lvxfLJlYAZzXomUYzLKtUeOQvOP5piqAWuGtrhWeqaXK9hhoM/iyJc5AV+XfsX3HQ=="],

    "lodash.upperfirst": ["lodash.upperfirst@4.3.1", "", {}, "sha512-sReKOYJIJf74dhJONhU4e0/shzi1trVbSWDOhKYE5XV2O+H7Sb2Dihwuc7xWxVl+DgFPyTqIN3zMfT9cq5iWDg=="],

    "magic-string": ["magic-string@0.30.21", "", { "dependencies": { "@jridgewell/sourcemap-codec": "^1.5.5" } }, "sha512-vd2F4YUyEXKGcLHoq+TEyCjxueSeHnFxyyjNp80yg0XV4vUhnDer/lvvlqM/arB5bXQN5K2/3oinyCRyx8T2CQ=="],

    "meow": ["meow@12.1.1", "", {}, "sha512-BhXM0Au22RwUneMPwSCnyhTOizdWoIEPU9sp0Aqa1PnDMR5Wv2FGXYDjuzJEIX+Eo2Rb8xuYe5jrnm5QowQFkw=="],

    "minimist": ["minimist@1.2.8", "", {}, "sha512-2yyAR8qBkN3YuheJanUpWC5U3bb5osDywNB8RzDVlDwDHbocAJveqqj1u8+SVD7jkWT4yvsHCpWqqWqAxb0zCA=="],

    "ms": ["ms@2.1.3", "", {}, "sha512-6FlzubTLZG3J2a/NVCAleEhjzq5oxgHyaCU9yYXvcLsvoVaHJq/s5xXI6/XXP6tz7R9xAOtHnSO/tXtF3WRTlA=="],

    "nanoid": ["nanoid@3.3.11", "", { "bin": { "nanoid": "bin/nanoid.cjs" } }, "sha512-N8SpfPUnUp1bK+PMYW8qSWdl9U+wwNWI4QKxOYDy9JAro3WMX7p2OeVRF9v+347pnakNevPmiHhNmZ2HbFA76w=="],

    "p-limit": ["p-limit@4.0.0", "", { "dependencies": { "yocto-queue": "^1.0.0" } }, "sha512-5b0R4txpzjPWVw/cXXUResoD4hb6U/x9BH08L7nw+GN1sezDzPdxeRvpc9c433fZhBan/wusjbCsqwqm4EIBIQ=="],

    "p-locate": ["p-locate@6.0.0", "", { "dependencies": { "p-limit": "^4.0.0" } }, "sha512-wPrq66Llhl7/4AGC6I+cqxT07LhXvWL08LNXz1fENOw0Ap4sRZZ/gZpTTJ5jpurzzzfS2W/Ge9BY3LgLjCShcw=="],

    "parent-module": ["parent-module@1.0.1", "", { "dependencies": { "callsites": "^3.0.0" } }, "sha512-GQ2EWRpQV8/o+Aw8YqtfZZPfNRWZYkbidE9k5rpl/hC3vtHHBfGm2Ifi6qWV+coDGkrUKZAxE3Lot5kcsRlh+g=="],

    "parse-json": ["parse-json@5.2.0", "", { "dependencies": { "@babel/code-frame": "^7.0.0", "error-ex": "^1.3.1", "json-parse-even-better-errors": "^2.3.0", "lines-and-columns": "^1.1.6" } }, "sha512-ayCKvm/phCGxOkYRSCM82iDwct8/EonSEgCSxWxD7ve6jHggsFl4fZVQBPRNgQoKiuV/odhFrGzQXZwbifC8Rg=="],

    "path-exists": ["path-exists@5.0.0", "", {}, "sha512-RjhtfwJOxzcFmNOi6ltcbcu4Iu+FL3zEj83dk4kAS+fVpTxXLO1b38RvJgT/0QwvV/L3aY9TAnyv0EOqW4GoMQ=="],

    "pathe": ["pathe@2.0.3", "", {}, "sha512-WUjGcAqP1gQacoQe+OBJsFA7Ld4DyXuUIjZ5cc75cLHvJ7dtNsTugphxIADwspS+AraAUePCKrSVtPLFj/F88w=="],

    "picocolors": ["picocolors@1.1.1", "", {}, "sha512-xceH2snhtb5M9liqDsmEw56le376mTZkEX/jEb/RxNFyegNul7eNslCXP9FDj/Lcu0X8KEyMceP2ntpaHrDEVA=="],

    "picomatch": ["picomatch@4.0.3", "", {}, "sha512-5gTmgEY/sqK6gFXLIsQNH19lWb4ebPDLA4SdLP7dsWkIXHWlG66oPuVvXSGFPppYZz8ZDZq0dYYrbHfBCVUb1Q=="],

    "postcss": ["postcss@8.5.6", "", { "dependencies": { "nanoid": "^3.3.11", "picocolors": "^1.1.1", "source-map-js": "^1.2.1" } }, "sha512-3Ybi1tAuwAP9s0r1UQ2J4n5Y0G05bJkpUIO0/bI9MhwmD70S5aTWbXGBwxHrelT+XM1k6dM0pk+SwNkpTRN7Pg=="],

    "require-directory": ["require-directory@2.1.1", "", {}, "sha512-fGxEI7+wsG9xrvdjsrlmL22OMTTiHRwAMroiEeMgq8gzoLC/PQr7RsRDSTLUg/bZAZtF+TVIkHc6/4RIKrui+Q=="],

    "require-from-string": ["require-from-string@2.0.2", "", {}, "sha512-Xf0nWe6RseziFMu+Ap9biiUbmplq6S9/p+7w7YXP/JBHhrUDDUhwa+vANyubuqfZWTveU//DYVGsDG7RKL/vEw=="],

    "resolve-from": ["resolve-from@5.0.0", "", {}, "sha512-qYg9KP24dD5qka9J47d0aVky0N+b4fTU89LN9iDnjB5waksiC49rvMB0PrUJQGoTmH50XPiqOvAjDfaijGxYZw=="],

    "rollup": ["rollup@4.44.0", "", { "dependencies": { "@types/estree": "1.0.8" }, "optionalDependencies": { "@rollup/rollup-android-arm-eabi": "4.44.0", "@rollup/rollup-android-arm64": "4.44.0", "@rollup/rollup-darwin-arm64": "4.44.0", "@rollup/rollup-darwin-x64": "4.44.0", "@rollup/rollup-freebsd-arm64": "4.44.0", "@rollup/rollup-freebsd-x64": "4.44.0", "@rollup/rollup-linux-arm-gnueabihf": "4.44.0", "@rollup/rollup-linux-arm-musleabihf": "4.44.0", "@rollup/rollup-linux-arm64-gnu": "4.44.0", "@rollup/rollup-linux-arm64-musl": "4.44.0", "@rollup/rollup-linux-loongarch64-gnu": "4.44.0", "@rollup/rollup-linux-powerpc64le-gnu": "4.44.0", "@rollup/rollup-linux-riscv64-gnu": "4.44.0", "@rollup/rollup-linux-riscv64-musl": "4.44.0", "@rollup/rollup-linux-s390x-gnu": "4.44.0", "@rollup/rollup-linux-x64-gnu": "4.44.0", "@rollup/rollup-linux-x64-musl": "4.44.0", "@rollup/rollup-win32-arm64-msvc": "4.44.0", "@rollup/rollup-win32-ia32-msvc": "4.44.0", "@rollup/rollup-win32-x64-msvc": "4.44.0", "fsevents": "~2.3.2" }, "bin": { "rollup": "dist/bin/rollup" } }, "sha512-qHcdEzLCiktQIfwBq420pn2dP+30uzqYxv9ETm91wdt2R9AFcWfjNAmje4NWlnCIQ5RMTzVf0ZyisOKqHR6RwA=="],

    "semver": ["semver@7.6.3", "", { "bin": { "semver": "bin/semver.js" } }, "sha512-oVekP1cKtI+CTDvHWYFUcMtsK/00wmAEfyqKfNdARm8u1wNVhSgaX7A8d4UuIlUI5e84iEwOhs7ZPYRmzU9U6A=="],

    "siginfo": ["siginfo@2.0.0", "", {}, "sha512-ybx0WO1/8bSBLEWXZvEd7gMW3Sn3JFlW3TvX1nREbDLRNQNaeNN8WK0meBwPdAaOI7TtRRRJn/Es1zhrrCHu7g=="],

    "source-map-js": ["source-map-js@1.2.1", "", {}, "sha512-UXWMKhLOwVKb728IUtQPXxfYU+usdybtUrK/8uGE8CQMvrhOpwvzDBwj0QhSL7MQc7vIsISBG8VQ8+IDQxpfQA=="],

    "split2": ["split2@4.2.0", "", {}, "sha512-UcjcJOWknrNkF6PLX83qcHM6KHgVKNkV62Y8a5uYDVv9ydGQVwAHMKqHdJje1VTWpljG0WYpCDhrCdAOYH4TWg=="],

    "stackback": ["stackback@0.0.2", "", {}, "sha512-1XMJE5fQo1jGH6Y/7ebnwPOBEkIEnT4QF32d5R1+VXdXveM0IBMJt8zfaxX1P3QhVwrYe+576+jkANtSS2mBbw=="],

    "std-env": ["std-env@3.10.0", "", {}, "sha512-5GS12FdOZNliM5mAOxFRg7Ir0pWz8MdpYm6AY6VPkGpbA7ZzmbzNcBJQ0GPvvyWgcY7QAhCgf9Uy89I03faLkg=="],

    "string-width": ["string-width@4.2.3", "", { "dependencies": { "emoji-regex": "^8.0.0", "is-fullwidth-code-point": "^3.0.0", "strip-ansi": "^6.0.1" } }, "sha512-wKyQRQpjJ0sIp62ErSZdGsjMJWsap5oRNihHhu6G7JVO/9jIB6UyevL+tXuOqrng8j/cxKTWyWUwvSTriiZz/g=="],

    "strip-ansi": ["strip-ansi@6.0.1", "", { "dependencies": { "ansi-regex": "^5.0.1" } }, "sha512-Y38VPSHcqkFrCpFnQ9vuSXmquuv5oXOKpGeT6aGrr3o3Gc9AlVa6JBfUSOCnbxGGZF+/0ooI7KrPuUSztUdU5A=="],

    "supports-color": ["supports-color@5.5.0", "", { "dependencies": { "has-flag": "^3.0.0" } }, "sha512-QjVjwdXIt408MIiAqCX4oUKsgU2EqAGzs2Ppkm4aQYbjm+ZEWEcW4SfFNTr4uMNZma0ey4f5lgLrkB0aX0QMow=="],

    "text-extensions": ["text-extensions@2.4.0", "", {}, "sha512-te/NtwBwfiNRLf9Ijqx3T0nlqZiQ2XrrtBvu+cLL8ZRrGkO0NHTug8MYFKyoSrv/sHTaSKfilUkizV6XhxMJ3g=="],

    "through": ["through@2.3.8", "", {}, "sha512-w89qg7PI8wAdvX60bMDP+bFoD5Dvhm9oLheFp5O4a2QF0cSBGsBX4qZmadPMvVqlLJBBci+WqGGOAPvcDeNSVg=="],

    "tinybench": ["tinybench@2.9.0", "", {}, "sha512-0+DUvqWMValLmha6lr4kD8iAMK1HzV0/aKnCtWb9v9641TnP/MFb7Pc2bxoxQjTXAErryXVgUOfv2YqNllqGeg=="],

    "tinyexec": ["tinyexec@1.0.1", "", {}, "sha512-5uC6DDlmeqiOwCPmK9jMSdOuZTh8bU39Ys6yidB+UTt5hfZUPGAypSgFRiEp+jbi9qH40BLDvy85jIU88wKSqw=="],

    "tinyglobby": ["tinyglobby@0.2.15", "", { "dependencies": { "fdir": "^6.5.0", "picomatch": "^4.0.3" } }, "sha512-j2Zq4NyQYG5XMST4cbs02Ak8iJUdxRM0XI5QyxXuZOzKOINmWurp3smXu3y5wDcJrptwpSjgXHzIQxR0omXljQ=="],

    "tinyrainbow": ["tinyrainbow@3.0.3", "", {}, "sha512-PSkbLUoxOFRzJYjjxHJt9xro7D+iilgMX/C9lawzVuYiIdcihh9DXmVibBe8lmcFrRi/VzlPjBxbN7rH24q8/Q=="],

    "typescript": ["typescript@5.4.5", "", { "bin": { "tsc": "bin/tsc", "tsserver": "bin/tsserver" } }, "sha512-vcI4UpRgg81oIRUFwR0WSIHKt11nJ7SAVlYNIu+QpqeyXP+gpQJy/Z4+F0aGxSE4MqwjyXvW/TzgkLAx2AGHwQ=="],

    "undici-types": ["undici-types@5.26.5", "", {}, "sha512-JlCMO+ehdEIKqlFxk6IfVoAUVmgz7cU7zD/h9XZ0qzeosSHmUJVOzSQvvYSYWXkFXC+IfLKSIffhv0sVZup6pA=="],

    "unicorn-magic": ["unicorn-magic@0.1.0", "", {}, "sha512-lRfVq8fE8gz6QMBuDM6a+LO3IAzTi05H6gCVaUpir2E1Rwpo4ZUog45KpNXKC/Mn3Yb9UDuHumeFTo9iV/D9FQ=="],

    "vite": ["vite@6.3.5", "", { "dependencies": { "esbuild": "^0.25.0", "fdir": "^6.4.4", "picomatch": "^4.0.2", "postcss": "^8.5.3", "rollup": "^4.34.9", "tinyglobby": "^0.2.13" }, "optionalDependencies": { "fsevents": "~2.3.3" }, "peerDependencies": { "@types/node": "^18.0.0 || ^20.0.0 || >=22.0.0", "jiti": ">=1.21.0", "less": "*", "lightningcss": "^1.21.0", "sass": "*", "sass-embedded": "*", "stylus": "*", "sugarss": "*", "terser": "^5.16.0", "tsx": "^4.8.1", "yaml": "^2.4.2" }, "optionalPeers": ["@types/node", "jiti", "less", "lightningcss", "sass", "sass-embedded", "stylus", "sugarss", "terser", "tsx", "yaml"], "bin": { "vite": "bin/vite.js" } }, "sha512-cZn6NDFE7wdTpINgs++ZJ4N49W2vRp8LCKrn3Ob1kYNtOo21vfDoaV5GzBfLU4MovSAB8uNRm4jgzVQZ+mBzPQ=="],

    "vitest": ["vitest@4.0.9", "", { "dependencies": { "@vitest/expect": "4.0.9", "@vitest/mocker": "4.0.9", "@vitest/pretty-format": "4.0.9", "@vitest/runner": "4.0.9", "@vitest/snapshot": "4.0.9", "@vitest/spy": "4.0.9", "@vitest/utils": "4.0.9", "debug": "^4.4.3", "es-module-lexer": "^1.7.0", "expect-type": "^1.2.2", "magic-string": "^0.30.21", "pathe": "^2.0.3", "picomatch": "^4.0.3", "std-env": "^3.10.0", "tinybench": "^2.9.0", "tinyexec": "^0.3.2", "tinyglobby": "^0.2.15", "tinyrainbow": "^3.0.3", "vite": "^6.0.0 || ^7.0.0", "why-is-node-running": "^2.3.0" }, "peerDependencies": { "@edge-runtime/vm": "*", "@types/debug": "^4.1.12", "@types/node": "^20.0.0 || ^22.0.0 || >=24.0.0", "@vitest/browser-playwright": "4.0.9", "@vitest/browser-preview": "4.0.9", "@vitest/browser-webdriverio": "4.0.9", "@vitest/ui": "4.0.9", "happy-dom": "*", "jsdom": "*" }, "optionalPeers": ["@edge-runtime/vm", "@types/debug", "@types/node", "@vitest/browser-playwright", "@vitest/browser-preview", "@vitest/browser-webdriverio", "@vitest/ui", "happy-dom", "jsdom"], "bin": { "vitest": "vitest.mjs" } }, "sha512-E0Ja2AX4th+CG33yAFRC+d1wFx2pzU5r6HtG6LiPSE04flaE0qB6YyjSw9ZcpJAtVPfsvZGtJlKWZpuW7EHRxg=="],

    "why-is-node-running": ["why-is-node-running@2.3.0", "", { "dependencies": { "siginfo": "^2.0.0", "stackback": "0.0.2" }, "bin": { "why-is-node-running": "cli.js" } }, "sha512-hUrmaWBdVDcxvYqnyh09zunKzROWjbZTiNy8dBEjkS7ehEDQibXJ7XvlmtbwuTclUiIyN+CyXQD4Vmko8fNm8w=="],

    "wrap-ansi": ["wrap-ansi@7.0.0", "", { "dependencies": { "ansi-styles": "^4.0.0", "string-width": "^4.1.0", "strip-ansi": "^6.0.0" } }, "sha512-YVGIj2kamLSTxw6NsZjoBxfSwsn0ycdesmc4p+Q21c5zPuZ1pl+NfxVdxPtdHvmNVOQ6XSYG4AUtyt/Fi7D16Q=="],

    "y18n": ["y18n@5.0.8", "", {}, "sha512-0pfFzegeDWJHJIAmTLRP2DwHjdF5s7jo9tuztdQxAhINCdvS+3nGINqPd00AphqJR/0LhANUS6/+7SCb98YOfA=="],

    "yargs": ["yargs@17.7.2", "", { "dependencies": { "cliui": "^8.0.1", "escalade": "^3.1.1", "get-caller-file": "^2.0.5", "require-directory": "^2.1.1", "string-width": "^4.2.3", "y18n": "^5.0.5", "yargs-parser": "^21.1.1" } }, "sha512-7dSzzRQ++CKnNI/krKnYRV7JKKPUXMEh61soaHKg9mrWEhzFWhFnxPxGl+69cD1Ou63C13NUPCnmIcrvqCuM6w=="],

    "yargs-parser": ["yargs-parser@21.1.1", "", {}, "sha512-tVpsJW7DdjecAiFpbIB1e3qxIQsE6NoPc5/eTdrbbIC4h0LVsWhnoa3g+m2HclBIujHzsxZ4VJVA+GUuc2/LBw=="],

    "yocto-queue": ["yocto-queue@1.1.1", "", {}, "sha512-b4JR1PFR10y1mKjhHY9LaGo6tmrgjit7hxVIeAmyMw3jegXR4dhYqLaQF5zMXZxY7tLpMyJeLjr1C4rLmkVe8g=="],

    "@babel/code-frame/picocolors": ["picocolors@1.0.1", "", {}, "sha512-anP1Z8qwhkbmu7MFP5iTt+wQKXgwzf7zTyGlcdzabySa9vd0Xt392U0rVmz9poOaBj0uHJKyyo9/upk0HrEQew=="],

    "@babel/highlight/chalk": ["chalk@2.4.2", "", { "dependencies": { "ansi-styles": "^3.2.1", "escape-string-regexp": "^1.0.5", "supports-color": "^5.3.0" } }, "sha512-Mti+f9lpJNcwF4tWV8/OrTTtF1gZi+f8FqlyAdouralcFWFQWF2+NgCHShjkCb+IFBLq9buZwE1xckQU4peSuQ=="],

    "@babel/highlight/picocolors": ["picocolors@1.0.1", "", {}, "sha512-anP1Z8qwhkbmu7MFP5iTt+wQKXgwzf7zTyGlcdzabySa9vd0Xt392U0rVmz9poOaBj0uHJKyyo9/upk0HrEQew=="],

    "import-fresh/resolve-from": ["resolve-from@4.0.0", "", {}, "sha512-pb/MYmXstAkysRFx8piNI1tGFNQIFA3vkE3Gq4EuA1dF6gHp/+vgZqsCGJapvy8N3Q+4o7FwvquPJcnZ7RYy4g=="],

    "vite/fdir": ["fdir@6.4.6", "", { "peerDependencies": { "picomatch": "^3 || ^4" }, "optionalPeers": ["picomatch"] }, "sha512-hiFoqpyZcfNm1yc4u8oWCf9A2c4D3QjCrks3zmoVKVxpQRzmPNar1hUJcBG2RQHvEVGDN+Jm81ZheVLAQMK6+w=="],

    "vite/picomatch": ["picomatch@4.0.2", "", {}, "sha512-M7BAV6Rlcy5u+m6oPhAPFgJTzAioX/6B0DxyvDlo9l8+T3nLKbrczg2WLUyzd45L8RqfUMyGPzekbMvX2Ldkwg=="],

    "vite/tinyglobby": ["tinyglobby@0.2.14", "", { "dependencies": { "fdir": "^6.4.4", "picomatch": "^4.0.2" } }, "sha512-tX5e7OM1HnYr2+a2C/4V0htOcSQcoSTH9KgJnVvNm5zm/cyEWKJ7j7YutsH9CxMdtOkkLFy2AHrMci9IM8IPZQ=="],

    "vitest/tinyexec": ["tinyexec@0.3.2", "", {}, "sha512-KQQR9yN7R5+OSwaK0XQoj22pwHoTlgYqmUscPYoknOoWCWfj/5/ABTMRi69FrKU5ffPVh5QcFikpWJI/P1ocHA=="],

    "@babel/highlight/chalk/ansi-styles": ["ansi-styles@3.2.1", "", { "dependencies": { "color-convert": "^1.9.0" } }, "sha512-VT0ZI6kZRdTh8YyJw3SMbYm/u+NqfsAxEpWO0Pf9sq8/e94WxxOpPKx9FR1FlyCtOVDNOQ+8ntlqFxiRc+r5qA=="],

    "@babel/highlight/chalk/ansi-styles/color-convert": ["color-convert@1.9.3", "", { "dependencies": { "color-name": "1.1.3" } }, "sha512-QfAUtd+vFdAtFQcC8CCyYt1fYWxSqAiK2cSD6zDB8N3cpsEBAvRxp9zOGg6G/SHHJYAT88/az/IuDGALsNVbGg=="],

    "@babel/highlight/chalk/ansi-styles/color-convert/color-name": ["color-name@1.1.3", "", {}, "sha512-72fSenhMw2HZMTVHeCA9KCmpEIbzWiQsjN+BHcBbS9vr1mtt+vJjPdksIBNUmKAW8TFUDPJK5SUU3QhE9NEXDw=="],
  }
}
